Microsoft Visual Studio Solution File, Format Version 12.00
# Visual Studio Version 17
VisualStudioVersion = 17.5.2.0
MinimumVisualStudioVersion = 10.0.40219.1
Project("{FAE04EC0-301F-11D3-BF4B-00C04F79EFBC}") = "PowerShellRunner", "PowerShellRunner\PowerShellRunner.csproj", "{D60E772D-12FE-7E82-A9F4-A8DDB22AFFA2}"
EndProject
Global
	GlobalSection(SolutionConfigurationPlatforms) = preSolution
		Debug|Any CPU = Debug|Any CPU
		Release|Any CPU = Release|Any CPU
	EndGlobalSection
	GlobalSection(ProjectConfigurationPlatforms) = postSolution
		{D60E772D-12FE-7E82-A9F4-A8DDB22AFFA2}.Debug|Any CPU.ActiveCfg = Debug|Any CPU
		{D60E772D-12FE-7E82-A9F4-A8DDB22AFFA2}.Debug|Any CPU.Build.0 = Debug|Any CPU
		{D60E772D-12FE-7E82-A9F4-A8DDB22AFFA2}.Release|Any CPU.ActiveCfg = Release|Any CPU
		{D60E772D-12FE-7E82-A9F4-A8DDB22AFFA2}.Release|Any CPU.Build.0 = Release|Any CPU
	EndGlobalSection
	GlobalSection(SolutionProperties) = preSolution
		HideSolutionNode = FALSE
	EndGlobalSection
	GlobalSection(ExtensibilityGlobals) = postSolution
		SolutionGuid = {41E34146-C18F-48D9-8481-51A569D000E6}
	EndGlobalSection
EndGlobal
